
Microsoft Visual Studio Solution File, Format Version 12.00
# Visual Studio Version 17
VisualStudioVersion = 17.14.36616.10 d17.14
MinimumVisualStudioVersion = 10.0.40219.1
Project("{FAE04EC0-301F-11D3-BF4B-00C04F79EFBC}") = "Game", "Game\Game.csproj", "{350BA1A2-8E0E-4329-AD39-9FC5F6CFF1E2}"
EndProject
Project("{FAE04EC0-301F-11D3-BF4B-00C04F79EFBC}") = "ServerSignalRFacePalm", "..\..\ServerSignalRFacePalm\ServerSignalRFacePalm.csproj", "{7963CD18-C8F5-D566-2D3B-F2020F1B79B7}"
	ProjectSection(ProjectDependencies) = postProject
		{350BA1A2-8E0E-4329-AD39-9FC5F6CFF1E2} = {350BA1A2-8E0E-4329-AD39-9FC5F6CFF1E2}
	EndProjectSection
EndProject
Global
	GlobalSection(SolutionConfigurationPlatforms) = preSolution
		Debug|Any CPU = Debug|Any CPU
		Release|Any CPU = Release|Any CPU
	EndGlobalSection
	GlobalSection(ProjectConfigurationPlatforms) = postSolution
		{350BA1A2-8E0E-4329-AD39-9FC5F6CFF1E2}.Debug|Any CPU.ActiveCfg = Debug|Any CPU
		{350BA1A2-8E0E-4329-AD39-9FC5F6CFF1E2}.Debug|Any CPU.Build.0 = Debug|Any CPU
		{350BA1A2-8E0E-4329-AD39-9FC5F6CFF1E2}.Release|Any CPU.ActiveCfg = Release|Any CPU
		{350BA1A2-8E0E-4329-AD39-9FC5F6CFF1E2}.Release|Any CPU.Build.0 = Release|Any CPU
		{7963CD18-C8F5-D566-2D3B-F2020F1B79B7}.Debug|Any CPU.ActiveCfg = Debug|Any CPU
		{7963CD18-C8F5-D566-2D3B-F2020F1B79B7}.Debug|Any CPU.Build.0 = Debug|Any CPU
		{7963CD18-C8F5-D566-2D3B-F2020F1B79B7}.Release|Any CPU.ActiveCfg = Release|Any CPU
		{7963CD18-C8F5-D566-2D3B-F2020F1B79B7}.Release|Any CPU.Build.0 = Release|Any CPU
	EndGlobalSection
	GlobalSection(SolutionProperties) = preSolution
		HideSolutionNode = FALSE
	EndGlobalSection
	GlobalSection(ExtensibilityGlobals) = postSolution
		SolutionGuid = {ACF02714-6260-48BA-8258-FD233774E3F7}
	EndGlobalSection
EndGlobal
